// !$*UTF8*$!
{
	archiveVersion = 1;
	classes = {
	};
	objectVersion = 77;
	objects = {

/* Begin PBXContainerItemProxy section */
		306642F1300989B4005AD312 /* PBXContainerItemProxy */ = {
			isa = PBXContainerItemProxy;
			containerPortal = 306642D9300989B2005AD312 /* Project object */;
			proxyType = 1;
			remoteGlobalIDString = 306642E0300989B2005AD312;
			remoteInfo = "Rogers-Marketplace Assignment";
		};
		306642FB300989B4005AD312 /* PBXContainerItemProxy */ = {
			isa = PBXContainerItemProxy;
			containerPortal = 306642D9300989B2005AD312 /* Project object */;
			proxyType = 1;
			remoteGlobalIDString = 306642E0300989B2005AD312;
			remoteInfo = "Rogers-Marketplace Assignment";
		};
/* End PBXContainerItemProxy section */

/* Begin PBXFileReference section */
		306642E1300989B2005AD312 /* Rogers-Marketplace Assignment.app */ = {isa = PBXFileReference; explicitFileType = wrapper.application; includeInIndex = 0; path = "Rogers-Marketplace Assignment.app"; sourceTree = BUILT_PRODUCTS_DIR; };
		306642F0300989B4005AD312 /* Rogers-Marketplace AssignmentTests.xctest */ = {isa = PBXFileReference; explicitFileType = wrapper.cfbundle; includeInIndex = 0; path = "Rogers-Marketplace AssignmentTests.xctest"; sourceTree = BUILT_PRODUCTS_DIR; };
		306642FA300989B4005AD312 /* Rogers-Marketplace AssignmentUITests.xctest */ = {isa = PBXFileReference; explicitFileType = wrapper.cfbundle; includeInIndex = 0; path = "Rogers-Marketplace AssignmentUITests.xctest"; sourceTree = BUILT_PRODUCTS_DIR; };
/* End PBXFileReference section */

/* Begin PBXFileSystemSynchronizedBuildFileExceptionSet section */
		3066430D300989B4005AD312 /* Exceptions for "Rogers-Marketplace Assignment" folder in "Rogers-Marketplace Assignment" target */ = {
			isa = PBXFileSystemSynchronizedBuildFileExceptionSet;
			membershipExceptions = (
				Info.plist,
			);
			target = 306642E0300989B2005AD312 /* Rogers-Marketplace Assignment */;
		};
/* End PBXFileSystemSynchronizedBuildFileExceptionSet section */

/* Begin PBXFileSystemSynchronizedRootGroup section */
		306642E3300989B2005AD312 /* Rogers-Marketplace Assignment */ = {
			isa = PBXFileSystemSynchronizedRootGroup;
			exceptions = (
				3066430D300989B4005AD312 /* Exceptions for "Rogers-Marketplace Assignment" folder in "Rogers-Marketplace Assignment" target */,
			);
			path = "Rogers-Marketplace Assignment";
			sourceTree = "<group>";
		};
		306642F3300989B4005AD312 /* Rogers-Marketplace AssignmentTests */ = {
			isa = PBXFileSystemSynchronizedRootGroup;
			path = "Rogers-Marketplace AssignmentTests";
			sourceTree = "<group>";
		};
		306642FD300989B4005AD312 /* Rogers-Marketplace AssignmentUITests */ = {
			isa = PBXFileSystemSynchronizedRootGroup;
			path = "Rogers-Marketplace AssignmentUITests";
			sourceTree = "<group>";
		};
/* End PBXFileSystemSynchronizedRootGroup section */

/* Begin PBXFrameworksBuildPhase section */
		306642DE300989B2005AD312 /* Frameworks */ = {
			isa = PBXFrameworksBuildPhase;
			buildActionMask = 2147483647;
			files = (
			);
			runOnlyForDeploymentPostprocessing = 0;
		};
		306642ED300989B4005AD312 /* Frameworks */ = {
			isa = PBXFrameworksBuildPhase;
			buildActionMask = 2147483647;
			files = (
			);
			runOnlyForDeploymentPostprocessing = 0;
		};
		306642F7300989B4005AD312 /* Frameworks */ = {
			isa = PBXFrameworksBuildPhase;
			buildActionMask = 2147483647;
			files = (
			);
			runOnlyForDeploymentPostprocessing = 0;
		};
/* End PBXFrameworksBuildPhase section */

/* Begin PBXGroup section */
		306642D8300989B2005AD312 = {
			isa = PBXGroup;
			children = (
				306642E3300989B2005AD312 /* Rogers-Marketplace Assignment */,
				306642F3300989B4005AD312 /* Rogers-Marketplace AssignmentTests */,
				306642FD300989B4005AD312 /* Rogers-Marketplace AssignmentUITests */,
				306642E2300989B2005AD312 /* Products */,
			);
			sourceTree = "<group>";
		};
		306642E2300989B2005AD312 /* Products */ = {
			isa = PBXGroup;
			children = (
				306642E1300989B2005AD312 /* Rogers-Marketplace Assignment.app */,
				306642F0300989B4005AD312 /* Rogers-Marketplace AssignmentTests.xctest */,
				306642FA300989B4005AD312 /* Rogers-Marketplace AssignmentUITests.xctest */,
			);
			name = Products;
			sourceTree = "<group>";
		};
/* End PBXGroup section */

/* Begin PBXNativeTarget section */
		306642E0300989B2005AD312 /* Rogers-Marketplace Assignment */ = {
			isa = PBXNativeTarget;
			buildConfigurationList = 30664304300989B4005AD312 /* Build configuration list for PBXNativeTarget "Rogers-Marketplace Assignment" */;
			buildPhases = (
				306642DD300989B2005AD312 /* Sources */,
				306642DE300989B2005AD312 /* Frameworks */,
				306642DF300989B2005AD312 /* Resources */,
			);
			buildRules = (
			);
			dependencies = (
			);
			fileSystemSynchronizedGroups = (
				306642E3300989B2005AD312 /* Rogers-Marketplace Assignment */,
			);
			name = "Rogers-Marketplace Assignment";
			packageProductDependencies = (
			);
			productName = "Rogers-Marketplace Assignment";
			productReference = 306642E1300989B2005AD312 /* Rogers-Marketplace Assignment.app */;
			productType = "com.apple.product-type.application";
		};
		306642EF300989B4005AD312 /* Rogers-Marketplace AssignmentTests */ = {
			isa = PBXNativeTarget;
			buildConfigurationList = 30664307300989B4005AD312 /* Build configuration list for PBXNativeTarget "Rogers-Marketplace AssignmentTests" */;
			buildPhases = (
				306642EC300989B4005AD312 /* Sources */,
				306642ED300989B4005AD312 /* Frameworks */,
				306642EE300989B4005AD312 /* Resources */,
			);
			buildRules = (
			);
			dependencies = (
				306642F2300989B4005AD312 /* PBXTargetDependency */,
			);
			fileSystemSynchronizedGroups = (
				306642F3300989B4005AD312 /* Rogers-Marketplace AssignmentTests */,
			);
			name = "Rogers-Marketplace AssignmentTests";
			packageProductDependencies = (
			);
			productName = "Rogers-Marketplace AssignmentTests";
			productReference = 306642F0300989B4005AD312 /* Rogers-Marketplace AssignmentTests.xctest */;
			productType = "com.apple.product-type.bundle.unit-test";
		};
		306642F9300989B4005AD312 /* Rogers-Marketplace AssignmentUITests */ = {
			isa = PBXNativeTarget;
			buildConfigurationList = 3066430A300989B4005AD312 /* Build configuration list for PBXNativeTarget "Rogers-Marketplace AssignmentUITests" */;
			buildPhases = (
				306642F6300989B4005AD312 /* Sources */,
				306642F7300989B4005AD312 /* Frameworks */,
				306642F8300989B4005AD312 /* Resources */,
			);
			buildRules = (
			);
			dependencies = (
				306642FC300989B4005AD312 /* PBXTargetDependency */,
			);
			fileSystemSynchronizedGroups = (
				306642FD300989B4005AD312 /* Rogers-Marketplace AssignmentUITests */,
			);
			name = "Rogers-Marketplace AssignmentUITests";
			packageProductDependencies = (
			);
			productName = "Rogers-Marketplace AssignmentUITests";
			productReference = 306642FA300989B4005AD312 /* Rogers-Marketplace AssignmentUITests.xctest */;
			productType = "com.apple.product-type.bundle.ui-testing";
		};
/* End PBXNativeTarget section */

/* Begin PBXProject section */
		306642D9300989B2005AD312 /* Project object */ = {
			isa = PBXProject;
			attributes = {
				BuildIndependentTargetsInParallel = 1;
				LastSwiftUpdateCheck = 2630;
				LastUpgradeCheck = 2630;
				TargetAttributes = {
					306642E0300989B2005AD312 = {
						CreatedOnToolsVersion = 26.3;
					};
					306642EF300989B4005AD312 = {
						CreatedOnToolsVersion = 26.3;
						TestTargetID = 306642E0300989B2005AD312;
					};
					306642F9300989B4005AD312 = {
						CreatedOnToolsVersion = 26.3;
						TestTargetID = 306642E0300989B2005AD312;
					};
				};
			};
			buildConfigurationList = 306642DC300989B2005AD312 /* Build configuration list for PBXProject "Rogers-Marketplace Assignment" */;
			developmentRegion = en;
			hasScannedForEncodings = 0;
			knownRegions = (
				en,
				Base,
			);
			mainGroup = 306642D8300989B2005AD312;
			minimizedProjectReferenceProxies = 1;
			preferredProjectObjectVersion = 77;
			productRefGroup = 306642E2300989B2005AD312 /* Products */;
			projectDirPath = "";
			projectRoot = "";
			targets = (
				306642E0300989B2005AD312 /* Rogers-Marketplace Assignment */,
				306642EF300989B4005AD312 /* Rogers-Marketplace AssignmentTests */,
				306642F9300989B4005AD312 /* Rogers-Marketplace AssignmentUITests */,
			);
		};
/* End PBXProject section */

/* Begin PBXResourcesBuildPhase section */
		306642DF300989B2005AD312 /* Resources */ = {
			isa = PBXResourcesBuildPhase;
			buildActionMask = 2147483647;
			files = (
			);
			runOnlyForDeploymentPostprocessing = 0;
		};
		306642EE300989B4005AD312 /* Resources */ = {
			isa = PBXResourcesBuildPhase;
			buildActionMask = 2147483647;
			files = (
			);
			runOnlyForDeploymentPostprocessing = 0;
		};
		306642F8300989B4005AD312 /* Resources */ = {
			isa = PBXResourcesBuildPhase;
			buildActionMask = 2147483647;
			files = (
			);
			runOnlyForDeploymentPostprocessing = 0;
		};
/* End PBXResourcesBuildPhase section */

/* Begin PBXSourcesBuildPhase section */
		306642DD300989B2005AD312 /* Sources */ = {
			isa = PBXSourcesBuildPhase;
			buildActionMask = 2147483647;
			files = (
			);
			runOnlyForDeploymentPostprocessing = 0;
		};
		306642EC300989B4005AD312 /* Sources */ = {
			isa = PBXSourcesBuildPhase;
			buildActionMask = 2147483647;
			files = (
			);
			runOnlyForDeploymentPostprocessing = 0;
		};
		306642F6300989B4005AD312 /* Sources */ = {
			isa = PBXSourcesBuildPhase;
			buildActionMask = 2147483647;
			files = (
			);
			runOnlyForDeploymentPostprocessing = 0;
		};
/* End PBXSourcesBuildPhase section */

/* Begin PBXTargetDependency section */
		306642F2300989B4005AD312 /* PBXTargetDependency */ = {
			isa = PBXTargetDependency;
			target = 306642E0300989B2005AD312 /* Rogers-Marketplace Assignment */;
			targetProxy = 306642F1300989B4005AD312 /* PBXContainerItemProxy */;
		};
		306642FC300989B4005AD312 /* PBXTargetDependency */ = {
			isa = PBXTargetDependency;
			target = 306642E0300989B2005AD312 /* Rogers-Marketplace Assignment */;
			targetProxy = 306642FB300989B4005AD312 /* PBXContainerItemProxy */;
		};
/* End PBXTargetDependency section */

/* Begin XCBuildConfiguration section */
		30664302300989B4005AD312 /* Debug */ = {
			isa = XCBuildConfiguration;
			buildSettings = {
				ALWAYS_SEARCH_USER_PATHS = NO;
				ASSETCATALOG_COMPILER_GENERATE_SWIFT_ASSET_SYMBOL_EXTENSIONS = YES;
				CLANG_ANALYZER_NONNULL = YES;
				CLANG_ANALYZER_NUMBER_OBJECT_CONVERSION = YES_AGGRESSIVE;
				CLANG_CXX_LANGUAGE_STANDARD = "gnu++20";
				CLANG_ENABLE_MODULES = YES;
				CLANG_ENABLE_OBJC_ARC = YES;
				CLANG_ENABLE_OBJC_WEAK = YES;
				CLANG_WARN_BLOCK_CAPTURE_AUTORELEASING = YES;
				CLANG_WARN_BOOL_CONVERSION = YES;
				CLANG_WARN_COMMA = YES;
				CLANG_WARN_CONSTANT_CONVERSION = YES;
				CLANG_WARN_DEPRECATED_OBJC_IMPLEMENTATIONS = YES;
				CLANG_WARN_DIRECT_OBJC_ISA_USAGE = YES_ERROR;
				CLANG_WARN_DOCUMENTATION_COMMENTS = YES;
				CLANG_WARN_EMPTY_BODY = YES;
				CLANG_WARN_ENUM_CONVERSION = YES;
				CLANG_WARN_INFINITE_RECURSION = YES;
				CLANG_WARN_INT_CONVERSION = YES;
				CLANG_WARN_NON_LITERAL_NULL_CONVERSION = YES;
				CLANG_WARN_OBJC_IMPLICIT_RETAIN_SELF = YES;
				CLANG_WARN_OBJC_LITERAL_CONVERSION = YES;
				CLANG_WARN_OBJC_ROOT_CLASS = YES_ERROR;
				CLANG_WARN_QUOTED_INCLUDE_IN_FRAMEWORK_HEADER = YES;
				CLANG_WARN_RANGE_LOOP_ANALYSIS = YES;
				CLANG_WARN_STRICT_PROTOTYPES = YES;
				CLANG_WARN_SUSPICIOUS_MOVE = YES;
				CLANG_WARN_UNGUARDED_AVAILABILITY = YES_AGGRESSIVE;
				CLANG_WARN_UNREACHABLE_CODE = YES;
				CLANG_WARN__DUPLICATE_METHOD_MATCH = YES;
				COPY_PHASE_STRIP = NO;
				DEBUG_INFORMATION_FORMAT = dwarf;
				DEVELOPMENT_TEAM = LABXKFNJ8A;
				ENABLE_STRICT_OBJC_MSGSEND = YES;
				ENABLE_TESTABILITY = YES;
				ENABLE_USER_SCRIPT_SANDBOXING = YES;
				GCC_C_LANGUAGE_STANDARD = gnu17;
				GCC_DYNAMIC_NO_PIC = NO;
				GCC_NO_COMMON_BLOCKS = YES;
				GCC_OPTIMIZATION_LEVEL = 0;
				GCC_PREPROCESSOR_DEFINITIONS = (
					"DEBUG=1",
					"$(inherited)",
				);
				GCC_WARN_64_TO_32_BIT_CONVERSION = YES;
				GCC_WARN_ABOUT_RETURN_TYPE = YES_ERROR;
				GCC_WARN_UNDECLARED_SELECTOR = YES;
				GCC_WARN_UNINITIALIZED_AUTOS = YES_AGGRESSIVE;
				GCC_WARN_UNUSED_FUNCTION = YES;
				GCC_WARN_UNUSED_VARIABLE = YES;
				IPHONEOS_DEPLOYMENT_TARGET = 26.2;
				LOCALIZATION_PREFERS_STRING_CATALOGS = YES;
				MTL_ENABLE_DEBUG_INFO = INCLUDE_SOURCE;
				MTL_FAST_MATH = YES;
				ONLY_ACTIVE_ARCH = YES;
				SDKROOT = iphoneos;
				SWIFT_ACTIVE_COMPILATION_CONDITIONS = "DEBUG $(inherited)";
				SWIFT_OPTIMIZATION_LEVEL = "-Onone";
			};
			name = Debug;
		};
		30664303300989B4005AD312 /* Release */ = {
			isa = XCBuildConfiguration;
			buildSettings = {
				ALWAYS_SEARCH_USER_PATHS = NO;
				ASSETCATALOG_COMPILER_GENERATE_SWIFT_ASSET_SYMBOL_EXTENSIONS = YES;
				CLANG_ANALYZER_NONNULL = YES;
				CLANG_ANALYZER_NUMBER_OBJECT_CONVERSION = YES_AGGRESSIVE;
				CLANG_CXX_LANGUAGE_STANDARD = "gnu++20";
				CLANG_ENABLE_MODULES = YES;
				CLANG_ENABLE_OBJC_ARC = YES;
				CLANG_ENABLE_OBJC_WEAK = YES;
				CLANG_WARN_BLOCK_CAPTURE_AUTORELEASING = YES;
				CLANG_WARN_BOOL_CONVERSION = YES;
				CLANG_WARN_COMMA = YES;
				CLANG_WARN_CONSTANT_CONVERSION = YES;
				CLANG_WARN_DEPRECATED_OBJC_IMPLEMENTATIONS = YES;
				CLANG_WARN_DIRECT_OBJC_ISA_USAGE = YES_ERROR;
				CLANG_WARN_DOCUMENTATION_COMMENTS = YES;
				CLANG_WARN_EMPTY_BODY = YES;
				CLANG_WARN_ENUM_CONVERSION = YES;
				CLANG_WARN_INFINITE_RECURSION = YES;
				CLANG_WARN_INT_CONVERSION = YES;
				CLANG_WARN_NON_LITERAL_NULL_CONVERSION = YES;
				CLANG_WARN_OBJC_IMPLICIT_RETAIN_SELF = YES;
				CLANG_WARN_OBJC_LITERAL_CONVERSION = YES;
				CLANG_WARN_OBJC_ROOT_CLASS = YES_ERROR;
				CLANG_WARN_QUOTED_INCLUDE_IN_FRAMEWORK_HEADER = YES;
				CLANG_WARN_RANGE_LOOP_ANALYSIS = YES;
				CLANG_WARN_STRICT_PROTOTYPES = YES;
				CLANG_WARN_SUSPICIOUS_MOVE = YES;
				CLANG_WARN_UNGUARDED_AVAILABILITY = YES_AGGRESSIVE;
				CLANG_WARN_UNREACHABLE_CODE = YES;
				CLANG_WARN__DUPLICATE_METHOD_MATCH = YES;
				COPY_PHASE_STRIP = NO;
				DEBUG_INFORMATION_FORMAT = "dwarf-with-dsym";
				DEVELOPMENT_TEAM = LABXKFNJ8A;
				ENABLE_NS_ASSERTIONS = NO;
				ENABLE_STRICT_OBJC_MSGSEND = YES;
				ENABLE_USER_SCRIPT_SANDBOXING = YES;
				GCC_C_LANGUAGE_STANDARD = gnu17;
				GCC_NO_COMMON_BLOCKS = YES;
				GCC_WARN_64_TO_32_BIT_CONVERSION = YES;
				GCC_WARN_ABOUT_RETURN_TYPE = YES_ERROR;
				GCC_WARN_UNDECLARED_SELECTOR = YES;
				GCC_WARN_UNINITIALIZED_AUTOS = YES_AGGRESSIVE;
				GCC_WARN_UNUSED_FUNCTION = YES;
				GCC_WARN_UNUSED_VARIABLE = YES;
				IPHONEOS_DEPLOYMENT_TARGET = 26.2;
				LOCALIZATION_PREFERS_STRING_CATALOGS = YES;
				MTL_ENABLE_DEBUG_INFO = NO;
				MTL_FAST_MATH = YES;
				SDKROOT = iphoneos;
				SWIFT_COMPILATION_MODE = wholemodule;
				VALIDATE_PRODUCT = YES;
			};
			name = Release;
		};
		30664305300989B4005AD312 /* Debug */ = {
			isa = XCBuildConfiguration;
			buildSettings = {
				ASSETCATALOG_COMPILER_APPICON_NAME = AppIcon;
				ASSETCATALOG_COMPILER_GLOBAL_ACCENT_COLOR_NAME = AccentColor;
				CODE_SIGN_STYLE = Automatic;
				CURRENT_PROJECT_VERSION = 1;
				DEVELOPMENT_TEAM = LABXKFNJ8A;
				ENABLE_PREVIEWS = YES;
				GENERATE_INFOPLIST_FILE = YES;
				INFOPLIST_FILE = "Rogers-Marketplace Assignment/Info.plist";
				INFOPLIST_KEY_UIApplicationSceneManifest_Generation = YES;
				INFOPLIST_KEY_UIApplicationSupportsIndirectInputEvents = YES;
				INFOPLIST_KEY_UILaunchScreen_Generation = YES;
				INFOPLIST_KEY_UISupportedInterfaceOrientations_iPad = "UIInterfaceOrientationPortrait UIInterfaceOrientationPortraitUpsideDown UIInterfaceOrientationLandscapeLeft UIInterfaceOrientationLandscapeRight";
				INFOPLIST_KEY_UISupportedInterfaceOrientations_iPhone = "UIInterfaceOrientationPortrait UIInterfaceOrientationLandscapeLeft UIInterfaceOrientationLandscapeRight";
				LD_RUNPATH_SEARCH_PATHS = (
					"$(inherited)",
					"@executable_path/Frameworks",
				);
				MARKETING_VERSION = 1.0;
				PRODUCT_BUNDLE_IDENTIFIER = "ca.cybermedia.Rogers-Marketplace-Assignment";
				PRODUCT_NAME = "$(TARGET_NAME)";
				STRING_CATALOG_GENERATE_SYMBOLS = YES;
				SWIFT_APPROACHABLE_CONCURRENCY = YES;
				SWIFT_DEFAULT_ACTOR_ISOLATION = MainActor;
				SWIFT_EMIT_LOC_STRINGS = YES;
				SWIFT_UPCOMING_FEATURE_MEMBER_IMPORT_VISIBILITY = YES;
				SWIFT_VERSION = 5.0;
				TARGETED_DEVICE_FAMILY = "1,2";
			};
			name = Debug;
		};
		30664306300989B4005AD312 /* Release */ = {
			isa = XCBuildConfiguration;
			buildSettings = {
				ASSETCATALOG_COMPILER_APPICON_NAME = AppIcon;
				ASSETCATALOG_COMPILER_GLOBAL_ACCENT_COLOR_NAME = AccentColor;
				CODE_SIGN_STYLE = Automatic;
				CURRENT_PROJECT_VERSION = 1;
				DEVELOPMENT_TEAM = LABXKFNJ8A;
				ENABLE_PREVIEWS = YES;
				GENERATE_INFOPLIST_FILE = YES;
				INFOPLIST_FILE = "Rogers-Marketplace Assignment/Info.plist";
				INFOPLIST_KEY_UIApplicationSceneManifest_Generation = YES;
				INFOPLIST_KEY_UIApplicationSupportsIndirectInputEvents = YES;
				INFOPLIST_KEY_UILaunchScreen_Generation = YES;
				INFOPLIST_KEY_UISupportedInterfaceOrientations_iPad = "UIInterfaceOrientationPortrait UIInterfaceOrientationPortraitUpsideDown UIInterfaceOrientationLandscapeLeft UIInterfaceOrientationLandscapeRight";
				INFOPLIST_KEY_UISupportedInterfaceOrientations_iPhone = "UIInterfaceOrientationPortrait UIInterfaceOrientationLandscapeLeft UIInterfaceOrientationLandscapeRight";
				LD_RUNPATH_SEARCH_PATHS = (
					"$(inherited)",
					"@executable_path/Frameworks",
				);
				MARKETING_VERSION = 1.0;
				PRODUCT_BUNDLE_IDENTIFIER = "ca.cybermedia.Rogers-Marketplace-Assignment";
				PRODUCT_NAME = "$(TARGET_NAME)";
				STRING_CATALOG_GENERATE_SYMBOLS = YES;
				SWIFT_APPROACHABLE_CONCURRENCY = YES;
				SWIFT_DEFAULT_ACTOR_ISOLATION = MainActor;
				SWIFT_EMIT_LOC_STRINGS = YES;
				SWIFT_UPCOMING_FEATURE_MEMBER_IMPORT_VISIBILITY = YES;
				SWIFT_VERSION = 5.0;
				TARGETED_DEVICE_FAMILY = "1,2";
			};
			name = Release;
		};
		30664308300989B4005AD312 /* Debug */ = {
			isa = XCBuildConfiguration;
			buildSettings = {
				BUNDLE_LOADER = "$(TEST_HOST)";
				CODE_SIGN_STYLE = Automatic;
				CURRENT_PROJECT_VERSION = 1;
				DEVELOPMENT_TEAM = LABXKFNJ8A;
				GENERATE_INFOPLIST_FILE = YES;
				IPHONEOS_DEPLOYMENT_TARGET = 26.2;
				MARKETING_VERSION = 1.0;
				PRODUCT_BUNDLE_IDENTIFIER = "ca.cybermedia.Rogers-Marketplace-AssignmentTests";
				PRODUCT_NAME = "$(TARGET_NAME)";
				STRING_CATALOG_GENERATE_SYMBOLS = NO;
				SWIFT_APPROACHABLE_CONCURRENCY = YES;
				SWIFT_EMIT_LOC_STRINGS = NO;
				SWIFT_UPCOMING_FEATURE_MEMBER_IMPORT_VISIBILITY = YES;
				SWIFT_VERSION = 5.0;
				TARGETED_DEVICE_FAMILY = "1,2";
				TEST_HOST = "$(BUILT_PRODUCTS_DIR)/Rogers-Marketplace Assignment.app/$(BUNDLE_EXECUTABLE_FOLDER_PATH)/Rogers-Marketplace Assignment";
			};
			name = Debug;
		};
		30664309300989B4005AD312 /* Release */ = {
			isa = XCBuildConfiguration;
			buildSettings = {
				BUNDLE_LOADER = "$(TEST_HOST)";
				CODE_SIGN_STYLE = Automatic;
				CURRENT_PROJECT_VERSION = 1;
				DEVELOPMENT_TEAM = LABXKFNJ8A;
				GENERATE_INFOPLIST_FILE = YES;
				IPHONEOS_DEPLOYMENT_TARGET = 26.2;
				MARKETING_VERSION = 1.0;
				PRODUCT_BUNDLE_IDENTIFIER = "ca.cybermedia.Rogers-Marketplace-AssignmentTests";
				PRODUCT_NAME = "$(TARGET_NAME)";
				STRING_CATALOG_GENERATE_SYMBOLS = NO;
				SWIFT_APPROACHABLE_CONCURRENCY = YES;
				SWIFT_EMIT_LOC_STRINGS = NO;
				SWIFT_UPCOMING_FEATURE_MEMBER_IMPORT_VISIBILITY = YES;
				SWIFT_VERSION = 5.0;
				TARGETED_DEVICE_FAMILY = "1,2";
				TEST_HOST = "$(BUILT_PRODUCTS_DIR)/Rogers-Marketplace Assignment.app/$(BUNDLE_EXECUTABLE_FOLDER_PATH)/Rogers-Marketplace Assignment";
			};
			name = Release;
		};
		3066430B300989B4005AD312 /* Debug */ = {
			isa = XCBuildConfiguration;
			buildSettings = {
				CODE_SIGN_STYLE = Automatic;
				CURRENT_PROJECT_VERSION = 1;
				DEVELOPMENT_TEAM = LABXKFNJ8A;
				GENERATE_INFOPLIST_FILE = YES;
				MARKETING_VERSION = 1.0;
				PRODUCT_BUNDLE_IDENTIFIER = "ca.cybermedia.Rogers-Marketplace-AssignmentUITests";
				PRODUCT_NAME = "$(TARGET_NAME)";
				STRING_CATALOG_GENERATE_SYMBOLS = NO;
				SWIFT_APPROACHABLE_CONCURRENCY = YES;
				SWIFT_EMIT_LOC_STRINGS = NO;
				SWIFT_UPCOMING_FEATURE_MEMBER_IMPORT_VISIBILITY = YES;
				SWIFT_VERSION = 5.0;
				TARGETED_DEVICE_FAMILY = "1,2";
				TEST_TARGET_NAME = "Rogers-Marketplace Assignment";
			};
			name = Debug;
		};
		3066430C300989B4005AD312 /* Release */ = {
			isa = XCBuildConfiguration;
			buildSettings = {
				CODE_SIGN_STYLE = Automatic;
				CURRENT_PROJECT_VERSION = 1;
				DEVELOPMENT_TEAM = LABXKFNJ8A;
				GENERATE_INFOPLIST_FILE = YES;
				MARKETING_VERSION = 1.0;
				PRODUCT_BUNDLE_IDENTIFIER = "ca.cybermedia.Rogers-Marketplace-AssignmentUITests";
				PRODUCT_NAME = "$(TARGET_NAME)";
				STRING_CATALOG_GENERATE_SYMBOLS = NO;
				SWIFT_APPROACHABLE_CONCURRENCY = YES;
				SWIFT_EMIT_LOC_STRINGS = NO;
				SWIFT_UPCOMING_FEATURE_MEMBER_IMPORT_VISIBILITY = YES;
				SWIFT_VERSION = 5.0;
				TARGETED_DEVICE_FAMILY = "1,2";
				TEST_TARGET_NAME = "Rogers-Marketplace Assignment";
			};
			name = Release;
		};
/* End XCBuildConfiguration section */

/* Begin XCConfigurationList section */
		306642DC300989B2005AD312 /* Build configuration list for PBXProject "Rogers-Marketplace Assignment" */ = {
			isa = XCConfigurationList;
			buildConfigurations = (
				30664302300989B4005AD312 /* Debug */,
				30664303300989B4005AD312 /* Release */,
			);
			defaultConfigurationIsVisible = 0;
			defaultConfigurationName = Release;
		};
		30664304300989B4005AD312 /* Build configuration list for PBXNativeTarget "Rogers-Marketplace Assignment" */ = {
			isa = XCConfigurationList;
			buildConfigurations = (
				30664305300989B4005AD312 /* Debug */,
				30664306300989B4005AD312 /* Release */,
			);
			defaultConfigurationIsVisible = 0;
			defaultConfigurationName = Release;
		};
		30664307300989B4005AD312 /* Build configuration list for PBXNativeTarget "Rogers-Marketplace AssignmentTests" */ = {
			isa = XCConfigurationList;
			buildConfigurations = (
				30664308300989B4005AD312 /* Debug */,
				30664309300989B4005AD312 /* Release */,
			);
			defaultConfigurationIsVisible = 0;
			defaultConfigurationName = Release;
		};
		3066430A300989B4005AD312 /* Build configuration list for PBXNativeTarget "Rogers-Marketplace AssignmentUITests" */ = {
			isa = XCConfigurationList;
			buildConfigurations = (
				3066430B300989B4005AD312 /* Debug */,
				3066430C300989B4005AD312 /* Release */,
			);
			defaultConfigurationIsVisible = 0;
			defaultConfigurationName = Release;
		};
/* End XCConfigurationList section */
	};
	rootObject = 306642D9300989B2005AD312 /* Project object */;
}
